
Microsoft Visual Studio Solution File, Format Version 12.00
# Visual Studio Version 16
VisualStudioVersion = 16.0.808.7
MinimumVisualStudioVersion = 10.0.40219.1
Project("{FAE04EC0-301F-11D3-BF4B-00C04F79EFBC}") = "cs1", "cs1\cs1.csproj", "{FFFD16FD-806E-490D-9CF7-83EFD0E2DDC8}"
EndProject
Project("{FAE04EC0-301F-11D3-BF4B-00C04F79EFBC}") = "zoo", "zoo\zoo.csproj", "{242916DF-6F62-405D-9665-AD4EE6E0448D}"
EndProject
Project("{FAE04EC0-301F-11D3-BF4B-00C04F79EFBC}") = "Test", "Test\Test.csproj", "{D17B4400-150C-43A9-82F7-7582360A522D}"
EndProject
Project("{FAE04EC0-301F-11D3-BF4B-00C04F79EFBC}") = "variables", "variables\variables.csproj", "{BC1A4B55-BB42-4A67-8980-50F563C87EAE}"
EndProject
Project("{FAE04EC0-301F-11D3-BF4B-00C04F79EFBC}") = "Quadratic", "Assignemnt1\Quadratic.csproj", "{D7D81F68-BD03-452E-9A79-F27F4C1E1574}"
EndProject
Project("{FAE04EC0-301F-11D3-BF4B-00C04F79EFBC}") = "Assignment1", "J1-Speeds\Assignment1.csproj", "{55FCD83E-FAA4-4A54-B534-1F350DFBCC9A}"
EndProject
Project("{FAE04EC0-301F-11D3-BF4B-00C04F79EFBC}") = "Shapes", "Assignment2\Shapes.csproj", "{FBD984C6-48F0-418B-9149-CAB12583AE53}"
EndProject
Project("{FAE04EC0-301F-11D3-BF4B-00C04F79EFBC}") = "Assignment3", "Assignment3\Assignment3.csproj", "{F4426991-2466-426D-B985-F65E2C09E38E}"
EndProject
Project("{FAE04EC0-301F-11D3-BF4B-00C04F79EFBC}") = "Assignment2pt1", "Assignment2pt1\Assignment2pt1.csproj", "{1B58BC68-8B9C-4D49-A858-98CB492BAE42}"
EndProject
Project("{FAE04EC0-301F-11D3-BF4B-00C04F79EFBC}") = "Assignment2pt2", "Assignment2pt2\Assignment2pt2.csproj", "{D59F8C3E-D18B-4CD6-86B2-8EDDF878AEA2}"
EndProject
Project("{FAE04EC0-301F-11D3-BF4B-00C04F79EFBC}") = "Assignment2pt3", "Assignment2pt3\Assignment2pt3.csproj", "{10F1974E-BA68-4C22-B763-5714F34CADCC}"
EndProject
Project("{FAE04EC0-301F-11D3-BF4B-00C04F79EFBC}") = "Assignment2pt4", "Assignment2pt4\Assignment2pt4.csproj", "{F9971F7D-0D6E-42FE-A6B3-D96E22FD9C87}"
EndProject
Project("{FAE04EC0-301F-11D3-BF4B-00C04F79EFBC}") = "Assignment2pt5", "Assignment2pt5\Assignment2pt5.csproj", "{59C00419-89F5-459F-87B6-0CA79B5DE56F}"
EndProject
Project("{FAE04EC0-301F-11D3-BF4B-00C04F79EFBC}") = "forloop", "forloop\forloop.csproj", "{32045BFE-278B-42EF-B384-7CCE5FE64D54}"
EndProject
Project("{FAE04EC0-301F-11D3-BF4B-00C04F79EFBC}") = "RandomGenerator", "RandomGenerator\RandomGenerator.csproj", "{EB8E3131-027B-47DF-970F-4631BE491205}"
EndProject
Project("{FAE04EC0-301F-11D3-BF4B-00C04F79EFBC}") = "ShapeMaker", "ShapeMaker\ShapeMaker.csproj", "{9432FFB8-AB96-4061-9392-F9969C04591F}"
EndProject
Project("{FAE04EC0-301F-11D3-BF4B-00C04F79EFBC}") = "ShapeBuilder", "ShapeBuilder\ShapeBuilder.csproj", "{20E9EFDC-D4ED-46BA-8338-9AEF9F8F18DC}"
EndProject
Project("{FAE04EC0-301F-11D3-BF4B-00C04F79EFBC}") = "UserValidator", "UserValidator\UserValidator.csproj", "{9C0E53A2-866C-46D9-8CCA-31A368E24905}"
EndProject
Project("{FAE04EC0-301F-11D3-BF4B-00C04F79EFBC}") = "school", "school\school.csproj", "{4A97A466-99B9-4F44-95E9-D48326EE6FBA}"
EndProject
Global
	GlobalSection(SolutionConfigurationPlatforms) = preSolution
		Debug|Any CPU = Debug|Any CPU
		Release|Any CPU = Release|Any CPU
	EndGlobalSection
	GlobalSection(ProjectConfigurationPlatforms) = postSolution
		{FFFD16FD-806E-490D-9CF7-83EFD0E2DDC8}.Debug|Any CPU.ActiveCfg = Debug|Any CPU
		{FFFD16FD-806E-490D-9CF7-83EFD0E2DDC8}.Debug|Any CPU.Build.0 = Debug|Any CPU
		{FFFD16FD-806E-490D-9CF7-83EFD0E2DDC8}.Release|Any CPU.ActiveCfg = Release|Any CPU
		{FFFD16FD-806E-490D-9CF7-83EFD0E2DDC8}.Release|Any CPU.Build.0 = Release|Any CPU
		{242916DF-6F62-405D-9665-AD4EE6E0448D}.Debug|Any CPU.ActiveCfg = Debug|Any CPU
		{242916DF-6F62-405D-9665-AD4EE6E0448D}.Debug|Any CPU.Build.0 = Debug|Any CPU
		{242916DF-6F62-405D-9665-AD4EE6E0448D}.Release|Any CPU.ActiveCfg = Release|Any CPU
		{242916DF-6F62-405D-9665-AD4EE6E0448D}.Release|Any CPU.Build.0 = Release|Any CPU
		{D17B4400-150C-43A9-82F7-7582360A522D}.Debug|Any CPU.ActiveCfg = Debug|Any CPU
		{D17B4400-150C-43A9-82F7-7582360A522D}.Debug|Any CPU.Build.0 = Debug|Any CPU
		{D17B4400-150C-43A9-82F7-7582360A522D}.Release|Any CPU.ActiveCfg = Release|Any CPU
		{D17B4400-150C-43A9-82F7-7582360A522D}.Release|Any CPU.Build.0 = Release|Any CPU
		{BC1A4B55-BB42-4A67-8980-50F563C87EAE}.Debug|Any CPU.ActiveCfg = Debug|Any CPU
		{BC1A4B55-BB42-4A67-8980-50F563C87EAE}.Debug|Any CPU.Build.0 = Debug|Any CPU
		{BC1A4B55-BB42-4A67-8980-50F563C87EAE}.Release|Any CPU.ActiveCfg = Release|Any CPU
		{BC1A4B55-BB42-4A67-8980-50F563C87EAE}.Release|Any CPU.Build.0 = Release|Any CPU
		{D7D81F68-BD03-452E-9A79-F27F4C1E1574}.Debug|Any CPU.ActiveCfg = Debug|Any CPU
		{D7D81F68-BD03-452E-9A79-F27F4C1E1574}.Debug|Any CPU.Build.0 = Debug|Any CPU
		{D7D81F68-BD03-452E-9A79-F27F4C1E1574}.Release|Any CPU.ActiveCfg = Release|Any CPU
		{D7D81F68-BD03-452E-9A79-F27F4C1E1574}.Release|Any CPU.Build.0 = Release|Any CPU
		{55FCD83E-FAA4-4A54-B534-1F350DFBCC9A}.Debug|Any CPU.ActiveCfg = Debug|Any CPU
		{55FCD83E-FAA4-4A54-B534-1F350DFBCC9A}.Debug|Any CPU.Build.0 = Debug|Any CPU
		{55FCD83E-FAA4-4A54-B534-1F350DFBCC9A}.Release|Any CPU.ActiveCfg = Release|Any CPU
		{55FCD83E-FAA4-4A54-B534-1F350DFBCC9A}.Release|Any CPU.Build.0 = Release|Any CPU
		{FBD984C6-48F0-418B-9149-CAB12583AE53}.Debug|Any CPU.ActiveCfg = Debug|Any CPU
		{FBD984C6-48F0-418B-9149-CAB12583AE53}.Debug|Any CPU.Build.0 = Debug|Any CPU
		{FBD984C6-48F0-418B-9149-CAB12583AE53}.Release|Any CPU.ActiveCfg = Release|Any CPU
		{FBD984C6-48F0-418B-9149-CAB12583AE53}.Release|Any CPU.Build.0 = Release|Any CPU
		{F4426991-2466-426D-B985-F65E2C09E38E}.Debug|Any CPU.ActiveCfg = Debug|Any CPU
		{F4426991-2466-426D-B985-F65E2C09E38E}.Debug|Any CPU.Build.0 = Debug|Any CPU
		{F4426991-2466-426D-B985-F65E2C09E38E}.Release|Any CPU.ActiveCfg = Release|Any CPU
		{F4426991-2466-426D-B985-F65E2C09E38E}.Release|Any CPU.Build.0 = Release|Any CPU
		{1B58BC68-8B9C-4D49-A858-98CB492BAE42}.Debug|Any CPU.ActiveCfg = Debug|Any CPU
		{1B58BC68-8B9C-4D49-A858-98CB492BAE42}.Debug|Any CPU.Build.0 = Debug|Any CPU
		{1B58BC68-8B9C-4D49-A858-98CB492BAE42}.Release|Any CPU.ActiveCfg = Release|Any CPU
		{1B58BC68-8B9C-4D49-A858-98CB492BAE42}.Release|Any CPU.Build.0 = Release|Any CPU
		{D59F8C3E-D18B-4CD6-86B2-8EDDF878AEA2}.Debug|Any CPU.ActiveCfg = Debug|Any CPU
		{D59F8C3E-D18B-4CD6-86B2-8EDDF878AEA2}.Debug|Any CPU.Build.0 = Debug|Any CPU
		{D59F8C3E-D18B-4CD6-86B2-8EDDF878AEA2}.Release|Any CPU.ActiveCfg = Release|Any CPU
		{D59F8C3E-D18B-4CD6-86B2-8EDDF878AEA2}.Release|Any CPU.Build.0 = Release|Any CPU
		{10F1974E-BA68-4C22-B763-5714F34CADCC}.Debug|Any CPU.ActiveCfg = Debug|Any CPU
		{10F1974E-BA68-4C22-B763-5714F34CADCC}.Debug|Any CPU.Build.0 = Debug|Any CPU
		{10F1974E-BA68-4C22-B763-5714F34CADCC}.Release|Any CPU.ActiveCfg = Release|Any CPU
		{10F1974E-BA68-4C22-B763-5714F34CADCC}.Release|Any CPU.Build.0 = Release|Any CPU
		{F9971F7D-0D6E-42FE-A6B3-D96E22FD9C87}.Debug|Any CPU.ActiveCfg = Debug|Any CPU
		{F9971F7D-0D6E-42FE-A6B3-D96E22FD9C87}.Debug|Any CPU.Build.0 = Debug|Any CPU
		{F9971F7D-0D6E-42FE-A6B3-D96E22FD9C87}.Release|Any CPU.ActiveCfg = Release|Any CPU
		{F9971F7D-0D6E-42FE-A6B3-D96E22FD9C87}.Release|Any CPU.Build.0 = Release|Any CPU
		{59C00419-89F5-459F-87B6-0CA79B5DE56F}.Debug|Any CPU.ActiveCfg = Debug|Any CPU
		{59C00419-89F5-459F-87B6-0CA79B5DE56F}.Debug|Any CPU.Build.0 = Debug|Any CPU
		{59C00419-89F5-459F-87B6-0CA79B5DE56F}.Release|Any CPU.ActiveCfg = Release|Any CPU
		{59C00419-89F5-459F-87B6-0CA79B5DE56F}.Release|Any CPU.Build.0 = Release|Any CPU
		{32045BFE-278B-42EF-B384-7CCE5FE64D54}.Debug|Any CPU.ActiveCfg = Debug|Any CPU
		{32045BFE-278B-42EF-B384-7CCE5FE64D54}.Debug|Any CPU.Build.0 = Debug|Any CPU
		{32045BFE-278B-42EF-B384-7CCE5FE64D54}.Release|Any CPU.ActiveCfg = Release|Any CPU
		{32045BFE-278B-42EF-B384-7CCE5FE64D54}.Release|Any CPU.Build.0 = Release|Any CPU
		{EB8E3131-027B-47DF-970F-4631BE491205}.Debug|Any CPU.ActiveCfg = Debug|Any CPU
		{EB8E3131-027B-47DF-970F-4631BE491205}.Debug|Any CPU.Build.0 = Debug|Any CPU
		{EB8E3131-027B-47DF-970F-4631BE491205}.Release|Any CPU.ActiveCfg = Release|Any CPU
		{EB8E3131-027B-47DF-970F-4631BE491205}.Release|Any CPU.Build.0 = Release|Any CPU
		{9432FFB8-AB96-4061-9392-F9969C04591F}.Debug|Any CPU.ActiveCfg = Debug|Any CPU
		{9432FFB8-AB96-4061-9392-F9969C04591F}.Debug|Any CPU.Build.0 = Debug|Any CPU
		{9432FFB8-AB96-4061-9392-F9969C04591F}.Release|Any CPU.ActiveCfg = Release|Any CPU
		{9432FFB8-AB96-4061-9392-F9969C04591F}.Release|Any CPU.Build.0 = Release|Any CPU
		{20E9EFDC-D4ED-46BA-8338-9AEF9F8F18DC}.Debug|Any CPU.ActiveCfg = Debug|Any CPU
		{20E9EFDC-D4ED-46BA-8338-9AEF9F8F18DC}.Debug|Any CPU.Build.0 = Debug|Any CPU
		{20E9EFDC-D4ED-46BA-8338-9AEF9F8F18DC}.Release|Any CPU.ActiveCfg = Release|Any CPU
		{20E9EFDC-D4ED-46BA-8338-9AEF9F8F18DC}.Release|Any CPU.Build.0 = Release|Any CPU
		{9C0E53A2-866C-46D9-8CCA-31A368E24905}.Debug|Any CPU.ActiveCfg = Debug|Any CPU
		{9C0E53A2-866C-46D9-8CCA-31A368E24905}.Debug|Any CPU.Build.0 = Debug|Any CPU
		{9C0E53A2-866C-46D9-8CCA-31A368E24905}.Release|Any CPU.ActiveCfg = Release|Any CPU
		{9C0E53A2-866C-46D9-8CCA-31A368E24905}.Release|Any CPU.Build.0 = Release|Any CPU
		{4A97A466-99B9-4F44-95E9-D48326EE6FBA}.Debug|Any CPU.ActiveCfg = Debug|Any CPU
		{4A97A466-99B9-4F44-95E9-D48326EE6FBA}.Debug|Any CPU.Build.0 = Debug|Any CPU
		{4A97A466-99B9-4F44-95E9-D48326EE6FBA}.Release|Any CPU.ActiveCfg = Release|Any CPU
		{4A97A466-99B9-4F44-95E9-D48326EE6FBA}.Release|Any CPU.Build.0 = Release|Any CPU
	EndGlobalSection
	GlobalSection(SolutionProperties) = preSolution
		HideSolutionNode = FALSE
	EndGlobalSection
	GlobalSection(ExtensibilityGlobals) = postSolution
		SolutionGuid = {18ABD6F4-18B3-44B4-9D48-0DF242F6B4DE}
	EndGlobalSection
EndGlobal
